
Microsoft Visual Studio Solution File, Format Version 12.00
# Visual Studio Version 16
VisualStudioVersion = 16.0.29613.14
MinimumVisualStudioVersion = 10.0.40219.1
Project("{FAE04EC0-301F-11D3-BF4B-00C04F79EFBC}") = "TienDien", "TienDien\TienDien.csproj", "{2F1DF0F5-10A2-4B86-A64B-E3EB6B0DA640}"
EndProject
Global
	GlobalSection(SolutionConfigurationPlatforms) = preSolution
		Debug|Any CPU = Debug|Any CPU
		Release|Any CPU = Release|Any CPU
	EndGlobalSection
	GlobalSection(ProjectConfigurationPlatforms) = postSolution
		{2F1DF0F5-10A2-4B86-A64B-E3EB6B0DA640}.Debug|Any CPU.ActiveCfg = Debug|Any CPU
		{2F1DF0F5-10A2-4B86-A64B-E3EB6B0DA640}.Debug|Any CPU.Build.0 = Debug|Any CPU
		{2F1DF0F5-10A2-4B86-A64B-E3EB6B0DA640}.Release|Any CPU.ActiveCfg = Release|Any CPU
		{2F1DF0F5-10A2-4B86-A64B-E3EB6B0DA640}.Release|Any CPU.Build.0 = Release|Any CPU
	EndGlobalSection
	GlobalSection(SolutionProperties) = preSolution
		HideSolutionNode = FALSE
	EndGlobalSection
	GlobalSection(ExtensibilityGlobals) = postSolution
		SolutionGuid = {F7A67736-EE24-4C9D-B8D1-09E6A77AAFB0}
	EndGlobalSection
EndGlobal
